
Microsoft Visual Studio Solution File, Format Version 12.00
# Visual Studio 15
VisualStudioVersion = 15.0.28307.421
MinimumVisualStudioVersion = 10.0.40219.1
Project("{FAE04EC0-301F-11D3-BF4B-00C04F79EFBC}") = "ObjectDetectorSample", "ObjectDetectorSample\ObjectDetectorSample.csproj", "{7F14D96F-B055-4109-9676-ADDD6A2C8089}"
EndProject
Project("{FAE04EC0-301F-11D3-BF4B-00C04F79EFBC}") = "SkeletalDetectorSample", "SkeletalDetectorSample\SkeletalDetectorSample.csproj", "{D874B9C3-9CE7-4585-8932-F783A12F563A}"
EndProject
Global
	GlobalSection(SolutionConfigurationPlatforms) = preSolution
		Debug|ARM = Debug|ARM
		Debug|ARM64 = Debug|ARM64
		Debug|x64 = Debug|x64
		Debug|x86 = Debug|x86
		Release|ARM = Release|ARM
		Release|ARM64 = Release|ARM64
		Release|x64 = Release|x64
		Release|x86 = Release|x86
	EndGlobalSection
	GlobalSection(ProjectConfigurationPlatforms) = postSolution
		{7F14D96F-B055-4109-9676-ADDD6A2C8089}.Debug|ARM.ActiveCfg = Debug|ARM
		{7F14D96F-B055-4109-9676-ADDD6A2C8089}.Debug|ARM.Build.0 = Debug|ARM
		{7F14D96F-B055-4109-9676-ADDD6A2C8089}.Debug|ARM.Deploy.0 = Debug|ARM
		{7F14D96F-B055-4109-9676-ADDD6A2C8089}.Debug|ARM64.ActiveCfg = Debug|ARM64
		{7F14D96F-B055-4109-9676-ADDD6A2C8089}.Debug|ARM64.Build.0 = Debug|ARM64
		{7F14D96F-B055-4109-9676-ADDD6A2C8089}.Debug|ARM64.Deploy.0 = Debug|ARM64
		{7F14D96F-B055-4109-9676-ADDD6A2C8089}.Debug|x64.ActiveCfg = Debug|x64
		{7F14D96F-B055-4109-9676-ADDD6A2C8089}.Debug|x64.Build.0 = Debug|x64
		{7F14D96F-B055-4109-9676-ADDD6A2C8089}.Debug|x64.Deploy.0 = Debug|x64
		{7F14D96F-B055-4109-9676-ADDD6A2C8089}.Debug|x86.ActiveCfg = Debug|x86
		{7F14D96F-B055-4109-9676-ADDD6A2C8089}.Debug|x86.Build.0 = Debug|x86
		{7F14D96F-B055-4109-9676-ADDD6A2C8089}.Debug|x86.Deploy.0 = Debug|x86
		{7F14D96F-B055-4109-9676-ADDD6A2C8089}.Release|ARM.ActiveCfg = Release|ARM
		{7F14D96F-B055-4109-9676-ADDD6A2C8089}.Release|ARM.Build.0 = Release|ARM
		{7F14D96F-B055-4109-9676-ADDD6A2C8089}.Release|ARM.Deploy.0 = Release|ARM
		{7F14D96F-B055-4109-9676-ADDD6A2C8089}.Release|ARM64.ActiveCfg = Release|ARM64
		{7F14D96F-B055-4109-9676-ADDD6A2C8089}.Release|ARM64.Build.0 = Release|ARM64
		{7F14D96F-B055-4109-9676-ADDD6A2C8089}.Release|ARM64.Deploy.0 = Release|ARM64
		{7F14D96F-B055-4109-9676-ADDD6A2C8089}.Release|x64.ActiveCfg = Release|x64
		{7F14D96F-B055-4109-9676-ADDD6A2C8089}.Release|x64.Build.0 = Release|x64
		{7F14D96F-B055-4109-9676-ADDD6A2C8089}.Release|x64.Deploy.0 = Release|x64
		{7F14D96F-B055-4109-9676-ADDD6A2C8089}.Release|x86.ActiveCfg = Release|x86
		{7F14D96F-B055-4109-9676-ADDD6A2C8089}.Release|x86.Build.0 = Release|x86
		{7F14D96F-B055-4109-9676-ADDD6A2C8089}.Release|x86.Deploy.0 = Release|x86
		{D874B9C3-9CE7-4585-8932-F783A12F563A}.Debug|ARM.ActiveCfg = Debug|ARM
		{D874B9C3-9CE7-4585-8932-F783A12F563A}.Debug|ARM.Build.0 = Debug|ARM
		{D874B9C3-9CE7-4585-8932-F783A12F563A}.Debug|ARM.Deploy.0 = Debug|ARM
		{D874B9C3-9CE7-4585-8932-F783A12F563A}.Debug|ARM64.ActiveCfg = Debug|ARM64
		{D874B9C3-9CE7-4585-8932-F783A12F563A}.Debug|ARM64.Build.0 = Debug|ARM64
		{D874B9C3-9CE7-4585-8932-F783A12F563A}.Debug|ARM64.Deploy.0 = Debug|ARM64
		{D874B9C3-9CE7-4585-8932-F783A12F563A}.Debug|x64.ActiveCfg = Debug|x64
		{D874B9C3-9CE7-4585-8932-F783A12F563A}.Debug|x64.Build.0 = Debug|x64
		{D874B9C3-9CE7-4585-8932-F783A12F563A}.Debug|x64.Deploy.0 = Debug|x64
		{D874B9C3-9CE7-4585-8932-F783A12F563A}.Debug|x86.ActiveCfg = Debug|x86
		{D874B9C3-9CE7-4585-8932-F783A12F563A}.Debug|x86.Build.0 = Debug|x86
		{D874B9C3-9CE7-4585-8932-F783A12F563A}.Debug|x86.Deploy.0 = Debug|x86
		{D874B9C3-9CE7-4585-8932-F783A12F563A}.Release|ARM.ActiveCfg = Release|ARM
		{D874B9C3-9CE7-4585-8932-F783A12F563A}.Release|ARM.Build.0 = Release|ARM
		{D874B9C3-9CE7-4585-8932-F783A12F563A}.Release|ARM.Deploy.0 = Release|ARM
		{D874B9C3-9CE7-4585-8932-F783A12F563A}.Release|ARM64.ActiveCfg = Release|ARM64
		{D874B9C3-9CE7-4585-8932-F783A12F563A}.Release|ARM64.Build.0 = Release|ARM64
		{D874B9C3-9CE7-4585-8932-F783A12F563A}.Release|ARM64.Deploy.0 = Release|ARM64
		{D874B9C3-9CE7-4585-8932-F783A12F563A}.Release|x64.ActiveCfg = Release|x64
		{D874B9C3-9CE7-4585-8932-F783A12F563A}.Release|x64.Build.0 = Release|x64
		{D874B9C3-9CE7-4585-8932-F783A12F563A}.Release|x64.Deploy.0 = Release|x64
		{D874B9C3-9CE7-4585-8932-F783A12F563A}.Release|x86.ActiveCfg = Release|x86
		{D874B9C3-9CE7-4585-8932-F783A12F563A}.Release|x86.Build.0 = Release|x86
		{D874B9C3-9CE7-4585-8932-F783A12F563A}.Release|x86.Deploy.0 = Release|x86
	EndGlobalSection
	GlobalSection(SolutionProperties) = preSolution
		HideSolutionNode = FALSE
	EndGlobalSection
	GlobalSection(ExtensibilityGlobals) = postSolution
		SolutionGuid = {C0550A48-607C-4E1F-96C1-8935AB6E425C}
	EndGlobalSection
EndGlobal
