
Microsoft Visual Studio Solution File, Format Version 12.00
# Visual Studio Version 16
VisualStudioVersion = 16.0.28803.452
MinimumVisualStudioVersion = 10.0.40219.1
Project("{2150E333-8FDC-42A3-9474-1A3956D46DE8}") = "UWP", "UWP", "{C4E9033A-C82E-4D4F-A72E-8E6233EE08EE}"
EndProject
Project("{2150E333-8FDC-42A3-9474-1A3956D46DE8}") = ".NetCore3.0", ".NetCore3.0", "{89DB34AA-2D4B-4946-8976-08CE5A3C1EAA}"
EndProject
Project("{FAE04EC0-301F-11D3-BF4B-00C04F79EFBC}") = "ObjectDetectorSample_UWP", "ObjectDetector\cs\ObjectDetectorSample_UWP\ObjectDetectorSample_UWP.csproj", "{7F14D96F-B055-4109-9676-ADDD6A2C8089}"
EndProject
Project("{FAE04EC0-301F-11D3-BF4B-00C04F79EFBC}") = "SkeletalDetectorSample_UWP", "SkeletalDetector\cs\SkeletalDetectorSample_UWP\SkeletalDetectorSample_UWP.csproj", "{D874B9C3-9CE7-4585-8932-F783A12F563A}"
EndProject
Project("{2150E333-8FDC-42A3-9474-1A3956D46DE8}") = "Desktop", "Desktop", "{18BCB1EA-7759-42E0-8832-ADFD6006A67D}"
EndProject
Project("{8BC9CEB8-8B4A-11D0-8D11-00A0C91BC942}") = "SkeletalDetectorSample_Desktop", "SkeletalDetector\cpp\SkeletalDetectorSample_Desktop\SkeletalDetectorSample_Desktop.vcxproj", "{C378EA7A-EB80-415B-A95A-EE03E1FF4D6E}"
EndProject
Project("{8BC9CEB8-8B4A-11D0-8D11-00A0C91BC942}") = "ObjectDetectorSample_Desktop", "ObjectDetector\cpp\ObjectDetectorSample_Desktop\ObjectDetectorTestApp_Desktop.vcxproj", "{D68ED182-A7A8-4B3E-BF5D-625F8E9D0EBD}"
EndProject
Project("{9A19103F-16F7-4668-BE54-9A1E7A4F7556}") = "ObjectDetectorSample_NetCore3", "ObjectDetector\cs\ObjectDetectorSample_NetCore3\ObjectDetectorSample_NetCore3.csproj", "{DFDC16CF-B919-4385-98AA-E1E73229C008}"
EndProject
Project("{9A19103F-16F7-4668-BE54-9A1E7A4F7556}") = "SkeletalDetectorSample_NetCore3", "SkeletalDetector\cs\SkeletalDetectorSample_NetCore3\SkeletalDetectorSample_NetCore3.csproj", "{5ADEB6D5-69E7-4158-970C-F19136AB3431}"
EndProject
Project("{FAE04EC0-301F-11D3-BF4B-00C04F79EFBC}") = "ConceptTaggerSample_UWP", "ConceptTagger\cs\ConceptTaggerSample_UWP\ConceptTaggerSample_UWP.csproj", "{8F3EA8EB-3A16-47A7-AF4B-8FA0340B32F2}"
EndProject
Project("{8BC9CEB8-8B4A-11D0-8D11-00A0C91BC942}") = "ConceptTaggerSample_Desktop", "ConceptTagger\cpp\ConceptTaggerSample_Desktop\ConceptTaggerSample_Desktop.vcxproj", "{B0F13D71-853A-42B4-AF6E-D3CD003F58CD}"
EndProject
Project("{9A19103F-16F7-4668-BE54-9A1E7A4F7556}") = "ConceptTaggerSample_NetCore3", "ConceptTagger\cs\ConceptTaggerSample_NetCore3\ConceptTaggerSample_NetCore3.csproj", "{09E6EDCC-B40B-4AB6-8ACF-2DD31DC2AD99}"
EndProject
Project("{FAE04EC0-301F-11D3-BF4B-00C04F79EFBC}") = "ImageScanningSample_UWP", "ImageScanning\cs\ImageScanningSample_UWP\ImageScanningSample_UWP.csproj", "{F8294AC8-C4CE-4458-B663-E16F699DF2B3}"
EndProject
Project("{9A19103F-16F7-4668-BE54-9A1E7A4F7556}") = "ImageScanningSample_NetCore3", "ImageScanning\cs\ImageScanningSample_NetCore3\ImageScanningSample_NetCore3.csproj", "{25209D87-8347-4008-A61F-D68C68CFAA41}"
EndProject
Project("{8BC9CEB8-8B4A-11D0-8D11-00A0C91BC942}") = "ImageScanningSample_Desktop", "ImageScanning\cpp\ImageScanningSample_Desktop\ImageScanningSample_Desktop.vcxproj", "{10DE54F4-3117-40E7-AEC4-15E68CB0893C}"
EndProject
Global
	GlobalSection(SolutionConfigurationPlatforms) = preSolution
		Debug|ARM = Debug|ARM
		Debug|ARM64 = Debug|ARM64
		Debug|x64 = Debug|x64
		Debug|x86 = Debug|x86
		Release|ARM = Release|ARM
		Release|ARM64 = Release|ARM64
		Release|x64 = Release|x64
		Release|x86 = Release|x86
	EndGlobalSection
	GlobalSection(ProjectConfigurationPlatforms) = postSolution
		{7F14D96F-B055-4109-9676-ADDD6A2C8089}.Debug|ARM.ActiveCfg = Debug|x64
		{7F14D96F-B055-4109-9676-ADDD6A2C8089}.Debug|ARM64.ActiveCfg = Debug|x64
		{7F14D96F-B055-4109-9676-ADDD6A2C8089}.Debug|x64.ActiveCfg = Debug|x64
		{7F14D96F-B055-4109-9676-ADDD6A2C8089}.Debug|x64.Build.0 = Debug|x64
		{7F14D96F-B055-4109-9676-ADDD6A2C8089}.Debug|x64.Deploy.0 = Debug|x64
		{7F14D96F-B055-4109-9676-ADDD6A2C8089}.Debug|x86.ActiveCfg = Debug|x64
		{7F14D96F-B055-4109-9676-ADDD6A2C8089}.Release|ARM.ActiveCfg = Release|x64
		{7F14D96F-B055-4109-9676-ADDD6A2C8089}.Release|ARM64.ActiveCfg = Release|x64
		{7F14D96F-B055-4109-9676-ADDD6A2C8089}.Release|x64.ActiveCfg = Release|x64
		{7F14D96F-B055-4109-9676-ADDD6A2C8089}.Release|x64.Build.0 = Release|x64
		{7F14D96F-B055-4109-9676-ADDD6A2C8089}.Release|x64.Deploy.0 = Release|x64
		{7F14D96F-B055-4109-9676-ADDD6A2C8089}.Release|x86.ActiveCfg = Release|x64
		{D874B9C3-9CE7-4585-8932-F783A12F563A}.Debug|ARM.ActiveCfg = Debug|ARM
		{D874B9C3-9CE7-4585-8932-F783A12F563A}.Debug|ARM.Build.0 = Debug|ARM
		{D874B9C3-9CE7-4585-8932-F783A12F563A}.Debug|ARM.Deploy.0 = Debug|ARM
		{D874B9C3-9CE7-4585-8932-F783A12F563A}.Debug|ARM64.ActiveCfg = Debug|ARM64
		{D874B9C3-9CE7-4585-8932-F783A12F563A}.Debug|ARM64.Build.0 = Debug|ARM64
		{D874B9C3-9CE7-4585-8932-F783A12F563A}.Debug|ARM64.Deploy.0 = Debug|ARM64
		{D874B9C3-9CE7-4585-8932-F783A12F563A}.Debug|x64.ActiveCfg = Debug|x64
		{D874B9C3-9CE7-4585-8932-F783A12F563A}.Debug|x64.Build.0 = Debug|x64
		{D874B9C3-9CE7-4585-8932-F783A12F563A}.Debug|x64.Deploy.0 = Debug|x64
		{D874B9C3-9CE7-4585-8932-F783A12F563A}.Debug|x86.ActiveCfg = Debug|x86
		{D874B9C3-9CE7-4585-8932-F783A12F563A}.Debug|x86.Build.0 = Debug|x86
		{D874B9C3-9CE7-4585-8932-F783A12F563A}.Debug|x86.Deploy.0 = Debug|x86
		{D874B9C3-9CE7-4585-8932-F783A12F563A}.Release|ARM.ActiveCfg = Release|ARM
		{D874B9C3-9CE7-4585-8932-F783A12F563A}.Release|ARM.Build.0 = Release|ARM
		{D874B9C3-9CE7-4585-8932-F783A12F563A}.Release|ARM.Deploy.0 = Release|ARM
		{D874B9C3-9CE7-4585-8932-F783A12F563A}.Release|ARM64.ActiveCfg = Release|ARM64
		{D874B9C3-9CE7-4585-8932-F783A12F563A}.Release|ARM64.Build.0 = Release|ARM64
		{D874B9C3-9CE7-4585-8932-F783A12F563A}.Release|ARM64.Deploy.0 = Release|ARM64
		{D874B9C3-9CE7-4585-8932-F783A12F563A}.Release|x64.ActiveCfg = Release|x64
		{D874B9C3-9CE7-4585-8932-F783A12F563A}.Release|x64.Build.0 = Release|x64
		{D874B9C3-9CE7-4585-8932-F783A12F563A}.Release|x64.Deploy.0 = Release|x64
		{D874B9C3-9CE7-4585-8932-F783A12F563A}.Release|x86.ActiveCfg = Release|x86
		{D874B9C3-9CE7-4585-8932-F783A12F563A}.Release|x86.Build.0 = Release|x86
		{D874B9C3-9CE7-4585-8932-F783A12F563A}.Release|x86.Deploy.0 = Release|x86
		{C378EA7A-EB80-415B-A95A-EE03E1FF4D6E}.Debug|ARM.ActiveCfg = Debug|ARM
		{C378EA7A-EB80-415B-A95A-EE03E1FF4D6E}.Debug|ARM64.ActiveCfg = Debug|ARM64
		{C378EA7A-EB80-415B-A95A-EE03E1FF4D6E}.Debug|x64.ActiveCfg = Debug|x64
		{C378EA7A-EB80-415B-A95A-EE03E1FF4D6E}.Debug|x64.Build.0 = Debug|x64
		{C378EA7A-EB80-415B-A95A-EE03E1FF4D6E}.Debug|x86.ActiveCfg = Debug|Win32
		{C378EA7A-EB80-415B-A95A-EE03E1FF4D6E}.Debug|x86.Build.0 = Debug|Win32
		{C378EA7A-EB80-415B-A95A-EE03E1FF4D6E}.Release|ARM.ActiveCfg = Release|ARM
		{C378EA7A-EB80-415B-A95A-EE03E1FF4D6E}.Release|ARM64.ActiveCfg = Release|ARM64
		{C378EA7A-EB80-415B-A95A-EE03E1FF4D6E}.Release|x64.ActiveCfg = Release|x64
		{C378EA7A-EB80-415B-A95A-EE03E1FF4D6E}.Release|x64.Build.0 = Release|x64
		{C378EA7A-EB80-415B-A95A-EE03E1FF4D6E}.Release|x86.ActiveCfg = Release|Win32
		{C378EA7A-EB80-415B-A95A-EE03E1FF4D6E}.Release|x86.Build.0 = Release|Win32
		{D68ED182-A7A8-4B3E-BF5D-625F8E9D0EBD}.Debug|ARM.ActiveCfg = Debug|Win32
		{D68ED182-A7A8-4B3E-BF5D-625F8E9D0EBD}.Debug|ARM64.ActiveCfg = Debug|Win32
		{D68ED182-A7A8-4B3E-BF5D-625F8E9D0EBD}.Debug|x64.ActiveCfg = Debug|x64
		{D68ED182-A7A8-4B3E-BF5D-625F8E9D0EBD}.Debug|x64.Build.0 = Debug|x64
		{D68ED182-A7A8-4B3E-BF5D-625F8E9D0EBD}.Debug|x86.ActiveCfg = Debug|Win32
		{D68ED182-A7A8-4B3E-BF5D-625F8E9D0EBD}.Debug|x86.Build.0 = Debug|Win32
		{D68ED182-A7A8-4B3E-BF5D-625F8E9D0EBD}.Release|ARM.ActiveCfg = Release|Win32
		{D68ED182-A7A8-4B3E-BF5D-625F8E9D0EBD}.Release|ARM64.ActiveCfg = Release|Win32
		{D68ED182-A7A8-4B3E-BF5D-625F8E9D0EBD}.Release|x64.ActiveCfg = Release|x64
		{D68ED182-A7A8-4B3E-BF5D-625F8E9D0EBD}.Release|x64.Build.0 = Release|x64
		{D68ED182-A7A8-4B3E-BF5D-625F8E9D0EBD}.Release|x86.ActiveCfg = Release|Win32
		{D68ED182-A7A8-4B3E-BF5D-625F8E9D0EBD}.Release|x86.Build.0 = Release|Win32
		{DFDC16CF-B919-4385-98AA-E1E73229C008}.Debug|ARM.ActiveCfg = Debug|x64
		{DFDC16CF-B919-4385-98AA-E1E73229C008}.Debug|ARM64.ActiveCfg = Debug|x64
		{DFDC16CF-B919-4385-98AA-E1E73229C008}.Debug|x64.ActiveCfg = Debug|x64
		{DFDC16CF-B919-4385-98AA-E1E73229C008}.Debug|x64.Build.0 = Debug|x64
		{DFDC16CF-B919-4385-98AA-E1E73229C008}.Debug|x86.ActiveCfg = Debug|x64
		{DFDC16CF-B919-4385-98AA-E1E73229C008}.Release|ARM.ActiveCfg = Release|x64
		{DFDC16CF-B919-4385-98AA-E1E73229C008}.Release|ARM64.ActiveCfg = Release|x64
		{DFDC16CF-B919-4385-98AA-E1E73229C008}.Release|x64.ActiveCfg = Release|x64
		{DFDC16CF-B919-4385-98AA-E1E73229C008}.Release|x64.Build.0 = Release|x64
		{DFDC16CF-B919-4385-98AA-E1E73229C008}.Release|x86.ActiveCfg = Release|x64
		{5ADEB6D5-69E7-4158-970C-F19136AB3431}.Debug|ARM.ActiveCfg = Debug|x86
		{5ADEB6D5-69E7-4158-970C-F19136AB3431}.Debug|ARM64.ActiveCfg = Debug|x86
		{5ADEB6D5-69E7-4158-970C-F19136AB3431}.Debug|x64.ActiveCfg = Debug|x64
		{5ADEB6D5-69E7-4158-970C-F19136AB3431}.Debug|x64.Build.0 = Debug|x64
		{5ADEB6D5-69E7-4158-970C-F19136AB3431}.Debug|x86.ActiveCfg = Debug|x86
		{5ADEB6D5-69E7-4158-970C-F19136AB3431}.Debug|x86.Build.0 = Debug|x86
		{5ADEB6D5-69E7-4158-970C-F19136AB3431}.Release|ARM.ActiveCfg = Release|x86
		{5ADEB6D5-69E7-4158-970C-F19136AB3431}.Release|ARM64.ActiveCfg = Release|x86
		{5ADEB6D5-69E7-4158-970C-F19136AB3431}.Release|x64.ActiveCfg = Release|x64
		{5ADEB6D5-69E7-4158-970C-F19136AB3431}.Release|x64.Build.0 = Release|x64
		{5ADEB6D5-69E7-4158-970C-F19136AB3431}.Release|x86.ActiveCfg = Release|x86
		{5ADEB6D5-69E7-4158-970C-F19136AB3431}.Release|x86.Build.0 = Release|x86
		{8F3EA8EB-3A16-47A7-AF4B-8FA0340B32F2}.Debug|ARM.ActiveCfg = Debug|ARM
		{8F3EA8EB-3A16-47A7-AF4B-8FA0340B32F2}.Debug|ARM.Build.0 = Debug|ARM
		{8F3EA8EB-3A16-47A7-AF4B-8FA0340B32F2}.Debug|ARM.Deploy.0 = Debug|ARM
		{8F3EA8EB-3A16-47A7-AF4B-8FA0340B32F2}.Debug|ARM64.ActiveCfg = Debug|ARM64
		{8F3EA8EB-3A16-47A7-AF4B-8FA0340B32F2}.Debug|ARM64.Build.0 = Debug|ARM64
		{8F3EA8EB-3A16-47A7-AF4B-8FA0340B32F2}.Debug|ARM64.Deploy.0 = Debug|ARM64
		{8F3EA8EB-3A16-47A7-AF4B-8FA0340B32F2}.Debug|x64.ActiveCfg = Debug|x64
		{8F3EA8EB-3A16-47A7-AF4B-8FA0340B32F2}.Debug|x64.Build.0 = Debug|x64
		{8F3EA8EB-3A16-47A7-AF4B-8FA0340B32F2}.Debug|x64.Deploy.0 = Debug|x64
		{8F3EA8EB-3A16-47A7-AF4B-8FA0340B32F2}.Debug|x86.ActiveCfg = Debug|x86
		{8F3EA8EB-3A16-47A7-AF4B-8FA0340B32F2}.Debug|x86.Build.0 = Debug|x86
		{8F3EA8EB-3A16-47A7-AF4B-8FA0340B32F2}.Debug|x86.Deploy.0 = Debug|x86
		{8F3EA8EB-3A16-47A7-AF4B-8FA0340B32F2}.Release|ARM.ActiveCfg = Release|ARM
		{8F3EA8EB-3A16-47A7-AF4B-8FA0340B32F2}.Release|ARM.Build.0 = Release|ARM
		{8F3EA8EB-3A16-47A7-AF4B-8FA0340B32F2}.Release|ARM.Deploy.0 = Release|ARM
		{8F3EA8EB-3A16-47A7-AF4B-8FA0340B32F2}.Release|ARM64.ActiveCfg = Release|ARM64
		{8F3EA8EB-3A16-47A7-AF4B-8FA0340B32F2}.Release|ARM64.Build.0 = Release|ARM64
		{8F3EA8EB-3A16-47A7-AF4B-8FA0340B32F2}.Release|ARM64.Deploy.0 = Release|ARM64
		{8F3EA8EB-3A16-47A7-AF4B-8FA0340B32F2}.Release|x64.ActiveCfg = Release|x64
		{8F3EA8EB-3A16-47A7-AF4B-8FA0340B32F2}.Release|x64.Build.0 = Release|x64
		{8F3EA8EB-3A16-47A7-AF4B-8FA0340B32F2}.Release|x64.Deploy.0 = Release|x64
		{8F3EA8EB-3A16-47A7-AF4B-8FA0340B32F2}.Release|x86.ActiveCfg = Release|x86
		{8F3EA8EB-3A16-47A7-AF4B-8FA0340B32F2}.Release|x86.Build.0 = Release|x86
		{8F3EA8EB-3A16-47A7-AF4B-8FA0340B32F2}.Release|x86.Deploy.0 = Release|x86
		{B0F13D71-853A-42B4-AF6E-D3CD003F58CD}.Debug|ARM.ActiveCfg = Debug|ARM
		{B0F13D71-853A-42B4-AF6E-D3CD003F58CD}.Debug|ARM64.ActiveCfg = Debug|ARM64
		{B0F13D71-853A-42B4-AF6E-D3CD003F58CD}.Debug|x64.ActiveCfg = Debug|x64
		{B0F13D71-853A-42B4-AF6E-D3CD003F58CD}.Debug|x64.Build.0 = Debug|x64
		{B0F13D71-853A-42B4-AF6E-D3CD003F58CD}.Debug|x86.ActiveCfg = Debug|Win32
		{B0F13D71-853A-42B4-AF6E-D3CD003F58CD}.Debug|x86.Build.0 = Debug|Win32
		{B0F13D71-853A-42B4-AF6E-D3CD003F58CD}.Release|ARM.ActiveCfg = Release|ARM
		{B0F13D71-853A-42B4-AF6E-D3CD003F58CD}.Release|ARM64.ActiveCfg = Release|ARM64
		{B0F13D71-853A-42B4-AF6E-D3CD003F58CD}.Release|x64.ActiveCfg = Release|x64
		{B0F13D71-853A-42B4-AF6E-D3CD003F58CD}.Release|x64.Build.0 = Release|x64
		{B0F13D71-853A-42B4-AF6E-D3CD003F58CD}.Release|x86.ActiveCfg = Release|Win32
		{B0F13D71-853A-42B4-AF6E-D3CD003F58CD}.Release|x86.Build.0 = Release|Win32
		{09E6EDCC-B40B-4AB6-8ACF-2DD31DC2AD99}.Debug|ARM.ActiveCfg = Debug|x86
		{09E6EDCC-B40B-4AB6-8ACF-2DD31DC2AD99}.Debug|ARM64.ActiveCfg = Debug|x86
		{09E6EDCC-B40B-4AB6-8ACF-2DD31DC2AD99}.Debug|x64.ActiveCfg = Debug|x64
		{09E6EDCC-B40B-4AB6-8ACF-2DD31DC2AD99}.Debug|x64.Build.0 = Debug|x64
		{09E6EDCC-B40B-4AB6-8ACF-2DD31DC2AD99}.Debug|x86.ActiveCfg = Debug|x86
		{09E6EDCC-B40B-4AB6-8ACF-2DD31DC2AD99}.Debug|x86.Build.0 = Debug|x86
		{09E6EDCC-B40B-4AB6-8ACF-2DD31DC2AD99}.Release|ARM.ActiveCfg = Release|x86
		{09E6EDCC-B40B-4AB6-8ACF-2DD31DC2AD99}.Release|ARM64.ActiveCfg = Release|x86
		{09E6EDCC-B40B-4AB6-8ACF-2DD31DC2AD99}.Release|x64.ActiveCfg = Release|x64
		{09E6EDCC-B40B-4AB6-8ACF-2DD31DC2AD99}.Release|x64.Build.0 = Release|x64
		{09E6EDCC-B40B-4AB6-8ACF-2DD31DC2AD99}.Release|x86.ActiveCfg = Release|x86
		{09E6EDCC-B40B-4AB6-8ACF-2DD31DC2AD99}.Release|x86.Build.0 = Release|x86
		{F8294AC8-C4CE-4458-B663-E16F699DF2B3}.Debug|ARM.ActiveCfg = Debug|ARM
		{F8294AC8-C4CE-4458-B663-E16F699DF2B3}.Debug|ARM.Build.0 = Debug|ARM
		{F8294AC8-C4CE-4458-B663-E16F699DF2B3}.Debug|ARM.Deploy.0 = Debug|ARM
		{F8294AC8-C4CE-4458-B663-E16F699DF2B3}.Debug|ARM64.ActiveCfg = Debug|ARM64
		{F8294AC8-C4CE-4458-B663-E16F699DF2B3}.Debug|ARM64.Build.0 = Debug|ARM64
		{F8294AC8-C4CE-4458-B663-E16F699DF2B3}.Debug|ARM64.Deploy.0 = Debug|ARM64
		{F8294AC8-C4CE-4458-B663-E16F699DF2B3}.Debug|x64.ActiveCfg = Debug|x64
		{F8294AC8-C4CE-4458-B663-E16F699DF2B3}.Debug|x64.Build.0 = Debug|x64
		{F8294AC8-C4CE-4458-B663-E16F699DF2B3}.Debug|x64.Deploy.0 = Debug|x64
		{F8294AC8-C4CE-4458-B663-E16F699DF2B3}.Debug|x86.ActiveCfg = Debug|x86
		{F8294AC8-C4CE-4458-B663-E16F699DF2B3}.Debug|x86.Build.0 = Debug|x86
		{F8294AC8-C4CE-4458-B663-E16F699DF2B3}.Debug|x86.Deploy.0 = Debug|x86
		{F8294AC8-C4CE-4458-B663-E16F699DF2B3}.Release|ARM.ActiveCfg = Release|ARM
		{F8294AC8-C4CE-4458-B663-E16F699DF2B3}.Release|ARM.Build.0 = Release|ARM
		{F8294AC8-C4CE-4458-B663-E16F699DF2B3}.Release|ARM.Deploy.0 = Release|ARM
		{F8294AC8-C4CE-4458-B663-E16F699DF2B3}.Release|ARM64.ActiveCfg = Release|ARM64
		{F8294AC8-C4CE-4458-B663-E16F699DF2B3}.Release|ARM64.Build.0 = Release|ARM64
		{F8294AC8-C4CE-4458-B663-E16F699DF2B3}.Release|ARM64.Deploy.0 = Release|ARM64
		{F8294AC8-C4CE-4458-B663-E16F699DF2B3}.Release|x64.ActiveCfg = Release|x64
		{F8294AC8-C4CE-4458-B663-E16F699DF2B3}.Release|x64.Build.0 = Release|x64
		{F8294AC8-C4CE-4458-B663-E16F699DF2B3}.Release|x64.Deploy.0 = Release|x64
		{F8294AC8-C4CE-4458-B663-E16F699DF2B3}.Release|x86.ActiveCfg = Release|x86
		{F8294AC8-C4CE-4458-B663-E16F699DF2B3}.Release|x86.Build.0 = Release|x86
		{F8294AC8-C4CE-4458-B663-E16F699DF2B3}.Release|x86.Deploy.0 = Release|x86
		{25209D87-8347-4008-A61F-D68C68CFAA41}.Debug|ARM.ActiveCfg = Debug|x86
		{25209D87-8347-4008-A61F-D68C68CFAA41}.Debug|ARM64.ActiveCfg = Debug|x86
		{25209D87-8347-4008-A61F-D68C68CFAA41}.Debug|x64.ActiveCfg = Debug|x64
		{25209D87-8347-4008-A61F-D68C68CFAA41}.Debug|x64.Build.0 = Debug|x64
		{25209D87-8347-4008-A61F-D68C68CFAA41}.Debug|x86.ActiveCfg = Debug|x86
		{25209D87-8347-4008-A61F-D68C68CFAA41}.Debug|x86.Build.0 = Debug|x86
		{25209D87-8347-4008-A61F-D68C68CFAA41}.Release|ARM.ActiveCfg = Release|x86
		{25209D87-8347-4008-A61F-D68C68CFAA41}.Release|ARM64.ActiveCfg = Release|x86
		{25209D87-8347-4008-A61F-D68C68CFAA41}.Release|x64.ActiveCfg = Release|x64
		{25209D87-8347-4008-A61F-D68C68CFAA41}.Release|x64.Build.0 = Release|x64
		{25209D87-8347-4008-A61F-D68C68CFAA41}.Release|x86.ActiveCfg = Release|x86
		{25209D87-8347-4008-A61F-D68C68CFAA41}.Release|x86.Build.0 = Release|x86
		{10DE54F4-3117-40E7-AEC4-15E68CB0893C}.Debug|ARM.ActiveCfg = Debug|ARM
		{10DE54F4-3117-40E7-AEC4-15E68CB0893C}.Debug|ARM.Build.0 = Debug|ARM
		{10DE54F4-3117-40E7-AEC4-15E68CB0893C}.Debug|ARM64.ActiveCfg = Debug|ARM64
		{10DE54F4-3117-40E7-AEC4-15E68CB0893C}.Debug|ARM64.Build.0 = Debug|ARM64
		{10DE54F4-3117-40E7-AEC4-15E68CB0893C}.Debug|x64.ActiveCfg = Debug|x64
		{10DE54F4-3117-40E7-AEC4-15E68CB0893C}.Debug|x64.Build.0 = Debug|x64
		{10DE54F4-3117-40E7-AEC4-15E68CB0893C}.Debug|x86.ActiveCfg = Debug|Win32
		{10DE54F4-3117-40E7-AEC4-15E68CB0893C}.Debug|x86.Build.0 = Debug|Win32
		{10DE54F4-3117-40E7-AEC4-15E68CB0893C}.Release|ARM.ActiveCfg = Release|ARM
		{10DE54F4-3117-40E7-AEC4-15E68CB0893C}.Release|ARM.Build.0 = Release|ARM
		{10DE54F4-3117-40E7-AEC4-15E68CB0893C}.Release|ARM64.ActiveCfg = Release|ARM64
		{10DE54F4-3117-40E7-AEC4-15E68CB0893C}.Release|ARM64.Build.0 = Release|ARM64
		{10DE54F4-3117-40E7-AEC4-15E68CB0893C}.Release|x64.ActiveCfg = Release|x64
		{10DE54F4-3117-40E7-AEC4-15E68CB0893C}.Release|x64.Build.0 = Release|x64
		{10DE54F4-3117-40E7-AEC4-15E68CB0893C}.Release|x86.ActiveCfg = Release|Win32
		{10DE54F4-3117-40E7-AEC4-15E68CB0893C}.Release|x86.Build.0 = Release|Win32
	EndGlobalSection
	GlobalSection(SolutionProperties) = preSolution
		HideSolutionNode = FALSE
	EndGlobalSection
	GlobalSection(NestedProjects) = preSolution
		{7F14D96F-B055-4109-9676-ADDD6A2C8089} = {C4E9033A-C82E-4D4F-A72E-8E6233EE08EE}
		{D874B9C3-9CE7-4585-8932-F783A12F563A} = {C4E9033A-C82E-4D4F-A72E-8E6233EE08EE}
		{C378EA7A-EB80-415B-A95A-EE03E1FF4D6E} = {18BCB1EA-7759-42E0-8832-ADFD6006A67D}
		{D68ED182-A7A8-4B3E-BF5D-625F8E9D0EBD} = {18BCB1EA-7759-42E0-8832-ADFD6006A67D}
		{DFDC16CF-B919-4385-98AA-E1E73229C008} = {89DB34AA-2D4B-4946-8976-08CE5A3C1EAA}
		{5ADEB6D5-69E7-4158-970C-F19136AB3431} = {89DB34AA-2D4B-4946-8976-08CE5A3C1EAA}
		{8F3EA8EB-3A16-47A7-AF4B-8FA0340B32F2} = {C4E9033A-C82E-4D4F-A72E-8E6233EE08EE}
		{B0F13D71-853A-42B4-AF6E-D3CD003F58CD} = {18BCB1EA-7759-42E0-8832-ADFD6006A67D}
		{09E6EDCC-B40B-4AB6-8ACF-2DD31DC2AD99} = {89DB34AA-2D4B-4946-8976-08CE5A3C1EAA}
		{F8294AC8-C4CE-4458-B663-E16F699DF2B3} = {C4E9033A-C82E-4D4F-A72E-8E6233EE08EE}
		{25209D87-8347-4008-A61F-D68C68CFAA41} = {89DB34AA-2D4B-4946-8976-08CE5A3C1EAA}
		{10DE54F4-3117-40E7-AEC4-15E68CB0893C} = {18BCB1EA-7759-42E0-8832-ADFD6006A67D}
	EndGlobalSection
	GlobalSection(ExtensibilityGlobals) = postSolution
		SolutionGuid = {C0550A48-607C-4E1F-96C1-8935AB6E425C}
	EndGlobalSection
EndGlobal
