Microsoft Visual Studio Solution File, Format Version 12.00
# Visual Studio Version 16
VisualStudioVersion = 16.0.28803.452
MinimumVisualStudioVersion = 10.0.40219.1
Project("{2150E333-8FDC-42A3-9474-1A3956D46DE8}") = "Skill", "Skill", "{F4DF82D4-B1C8-49BB-AC21-245A03494099}"
EndProject
Project("{2150E333-8FDC-42A3-9474-1A3956D46DE8}") = "Apps", "Apps", "{31D0701B-8FE0-43B1-95CC-052E8A088E78}"
EndProject
Project("{2150E333-8FDC-42A3-9474-1A3956D46DE8}") = "Desktop", "Desktop", "{E095A2E7-B953-43AA-8296-03EC57842B8D}"
EndProject
Project("{2150E333-8FDC-42A3-9474-1A3956D46DE8}") = "UWP", "UWP", "{11258D8F-04E8-486F-8823-77448F8F26D8}"
EndProject
Project("{8BC9CEB8-8B4A-11D0-8D11-00A0C91BC942}") = "Contoso.FaceSentimentAnalyzer", "Skill\FaceSentimentAnalyzer\Contoso.FaceSentimentAnalyzer.vcxproj", "{E0320926-075F-46FC-9CC0-865B635BB1A1}"
EndProject
Project("{8BC9CEB8-8B4A-11D0-8D11-00A0C91BC942}") = "DeobfuscationHelper", "Skill\Deobfuscator\DeobfuscationHelper.vcxproj", "{8D4B9659-6AB7-4EB0-919A-517FAD43DFE2}"
EndProject
Project("{8BC9CEB8-8B4A-11D0-8D11-00A0C91BC942}") = "Obfuscator", "Skill\Obfuscator\Obfuscator.vcxproj", "{38FA18AA-D23B-4B38-AB5E-ED7891A6588B}"
EndProject
Project("{FAE04EC0-301F-11D3-BF4B-00C04F79EFBC}") = "FaceSentimentAnalysisApp_UWP", "..\cs\Apps\FaceSentimentAnalysisApp_UWP\FaceSentimentAnalysisApp_UWP.csproj", "{C573E45A-CA10-4A97-9AAA-99A301383A68}"
EndProject
Project("{8BC9CEB8-8B4A-11D0-8D11-00A0C91BC942}") = "FaceSentimentAnalysisApp_C++WinRT", "Apps\FaceSentimentAnalysisApp_C++WinRT\FaceSentimentAnalysisApp_C++WinRT.vcxproj", "{425CE54A-C887-45C5-94A7-72738F49FE11}"
EndProject
Project("{8BC9CEB8-8B4A-11D0-8D11-00A0C91BC942}") = "FaceSentimentAnalysisApp_C++WRL", "Apps\FaceSentimentAnalysisApp_C++WRL\FaceSentimentAnalysisApp_C++WRL.vcxproj", "{7EC87A87-91F9-4C2C-9DEA-8FE75F76F17C}"
EndProject
Project("{9A19103F-16F7-4668-BE54-9A1E7A4F7556}") = "FaceSentimentAnalysisApp_.NETCore3.0", "..\cs\Apps\FaceSentimentAnalysisApp_.NETCore3.0\FaceSentimentAnalysisApp_.NETCore3.0.csproj", "{3ADE8830-9B19-4658-94FF-4407CE3A4EB5}"
EndProject
Global
	GlobalSection(SolutionConfigurationPlatforms) = preSolution
		Debug|Any CPU = Debug|Any CPU
		Debug|ARM = Debug|ARM
		Debug|x64 = Debug|x64
		Debug|x86 = Debug|x86
		Release|Any CPU = Release|Any CPU
		Release|ARM = Release|ARM
		Release|x64 = Release|x64
		Release|x86 = Release|x86
	EndGlobalSection
	GlobalSection(ProjectConfigurationPlatforms) = postSolution
		{E0320926-075F-46FC-9CC0-865B635BB1A1}.Debug|Any CPU.ActiveCfg = Debug|Win32
		{E0320926-075F-46FC-9CC0-865B635BB1A1}.Debug|ARM.ActiveCfg = Debug|ARM
		{E0320926-075F-46FC-9CC0-865B635BB1A1}.Debug|ARM.Build.0 = Debug|ARM
		{E0320926-075F-46FC-9CC0-865B635BB1A1}.Debug|x64.ActiveCfg = Debug|x64
		{E0320926-075F-46FC-9CC0-865B635BB1A1}.Debug|x64.Build.0 = Debug|x64
		{E0320926-075F-46FC-9CC0-865B635BB1A1}.Debug|x86.ActiveCfg = Debug|Win32
		{E0320926-075F-46FC-9CC0-865B635BB1A1}.Debug|x86.Build.0 = Debug|Win32
		{E0320926-075F-46FC-9CC0-865B635BB1A1}.Release|Any CPU.ActiveCfg = Release|Win32
		{E0320926-075F-46FC-9CC0-865B635BB1A1}.Release|ARM.ActiveCfg = Release|ARM
		{E0320926-075F-46FC-9CC0-865B635BB1A1}.Release|ARM.Build.0 = Release|ARM
		{E0320926-075F-46FC-9CC0-865B635BB1A1}.Release|x64.ActiveCfg = Release|x64
		{E0320926-075F-46FC-9CC0-865B635BB1A1}.Release|x64.Build.0 = Release|x64
		{E0320926-075F-46FC-9CC0-865B635BB1A1}.Release|x86.ActiveCfg = Release|Win32
		{E0320926-075F-46FC-9CC0-865B635BB1A1}.Release|x86.Build.0 = Release|Win32
		{8D4B9659-6AB7-4EB0-919A-517FAD43DFE2}.Debug|Any CPU.ActiveCfg = Debug|Win32
		{8D4B9659-6AB7-4EB0-919A-517FAD43DFE2}.Debug|ARM.ActiveCfg = Debug|ARM
		{8D4B9659-6AB7-4EB0-919A-517FAD43DFE2}.Debug|ARM.Build.0 = Debug|ARM
		{8D4B9659-6AB7-4EB0-919A-517FAD43DFE2}.Debug|x64.ActiveCfg = Debug|x64
		{8D4B9659-6AB7-4EB0-919A-517FAD43DFE2}.Debug|x64.Build.0 = Debug|x64
		{8D4B9659-6AB7-4EB0-919A-517FAD43DFE2}.Debug|x86.ActiveCfg = Debug|Win32
		{8D4B9659-6AB7-4EB0-919A-517FAD43DFE2}.Debug|x86.Build.0 = Debug|Win32
		{8D4B9659-6AB7-4EB0-919A-517FAD43DFE2}.Release|Any CPU.ActiveCfg = Release|Win32
		{8D4B9659-6AB7-4EB0-919A-517FAD43DFE2}.Release|ARM.ActiveCfg = Release|ARM
		{8D4B9659-6AB7-4EB0-919A-517FAD43DFE2}.Release|ARM.Build.0 = Release|ARM
		{8D4B9659-6AB7-4EB0-919A-517FAD43DFE2}.Release|x64.ActiveCfg = Release|x64
		{8D4B9659-6AB7-4EB0-919A-517FAD43DFE2}.Release|x64.Build.0 = Release|x64
		{8D4B9659-6AB7-4EB0-919A-517FAD43DFE2}.Release|x86.ActiveCfg = Release|Win32
		{8D4B9659-6AB7-4EB0-919A-517FAD43DFE2}.Release|x86.Build.0 = Release|Win32
		{38FA18AA-D23B-4B38-AB5E-ED7891A6588B}.Debug|Any CPU.ActiveCfg = Debug|Win32
		{38FA18AA-D23B-4B38-AB5E-ED7891A6588B}.Debug|ARM.ActiveCfg = Debug|Win32
		{38FA18AA-D23B-4B38-AB5E-ED7891A6588B}.Debug|x64.ActiveCfg = Debug|Win32
		{38FA18AA-D23B-4B38-AB5E-ED7891A6588B}.Debug|x86.ActiveCfg = Debug|Win32
		{38FA18AA-D23B-4B38-AB5E-ED7891A6588B}.Debug|x86.Build.0 = Debug|Win32
		{38FA18AA-D23B-4B38-AB5E-ED7891A6588B}.Release|Any CPU.ActiveCfg = Debug|Win32
		{38FA18AA-D23B-4B38-AB5E-ED7891A6588B}.Release|Any CPU.Build.0 = Debug|Win32
		{38FA18AA-D23B-4B38-AB5E-ED7891A6588B}.Release|ARM.ActiveCfg = Debug|Win32
		{38FA18AA-D23B-4B38-AB5E-ED7891A6588B}.Release|ARM.Build.0 = Debug|Win32
		{38FA18AA-D23B-4B38-AB5E-ED7891A6588B}.Release|x64.ActiveCfg = Debug|Win32
		{38FA18AA-D23B-4B38-AB5E-ED7891A6588B}.Release|x64.Build.0 = Debug|Win32
		{38FA18AA-D23B-4B38-AB5E-ED7891A6588B}.Release|x86.ActiveCfg = Debug|Win32
		{38FA18AA-D23B-4B38-AB5E-ED7891A6588B}.Release|x86.Build.0 = Debug|Win32
		{C573E45A-CA10-4A97-9AAA-99A301383A68}.Debug|Any CPU.ActiveCfg = Debug|x86
		{C573E45A-CA10-4A97-9AAA-99A301383A68}.Debug|ARM.ActiveCfg = Debug|ARM
		{C573E45A-CA10-4A97-9AAA-99A301383A68}.Debug|ARM.Build.0 = Debug|ARM
		{C573E45A-CA10-4A97-9AAA-99A301383A68}.Debug|ARM.Deploy.0 = Debug|ARM
		{C573E45A-CA10-4A97-9AAA-99A301383A68}.Debug|x64.ActiveCfg = Debug|x64
		{C573E45A-CA10-4A97-9AAA-99A301383A68}.Debug|x64.Build.0 = Debug|x64
		{C573E45A-CA10-4A97-9AAA-99A301383A68}.Debug|x64.Deploy.0 = Debug|x64
		{C573E45A-CA10-4A97-9AAA-99A301383A68}.Debug|x86.ActiveCfg = Debug|x86
		{C573E45A-CA10-4A97-9AAA-99A301383A68}.Debug|x86.Build.0 = Debug|x86
		{C573E45A-CA10-4A97-9AAA-99A301383A68}.Debug|x86.Deploy.0 = Debug|x86
		{C573E45A-CA10-4A97-9AAA-99A301383A68}.Release|Any CPU.ActiveCfg = Release|x86
		{C573E45A-CA10-4A97-9AAA-99A301383A68}.Release|ARM.ActiveCfg = Release|ARM
		{C573E45A-CA10-4A97-9AAA-99A301383A68}.Release|ARM.Build.0 = Release|ARM
		{C573E45A-CA10-4A97-9AAA-99A301383A68}.Release|ARM.Deploy.0 = Release|ARM
		{C573E45A-CA10-4A97-9AAA-99A301383A68}.Release|x64.ActiveCfg = Release|x64
		{C573E45A-CA10-4A97-9AAA-99A301383A68}.Release|x64.Build.0 = Release|x64
		{C573E45A-CA10-4A97-9AAA-99A301383A68}.Release|x64.Deploy.0 = Release|x64
		{C573E45A-CA10-4A97-9AAA-99A301383A68}.Release|x86.ActiveCfg = Release|x86
		{C573E45A-CA10-4A97-9AAA-99A301383A68}.Release|x86.Build.0 = Release|x86
		{C573E45A-CA10-4A97-9AAA-99A301383A68}.Release|x86.Deploy.0 = Release|x86
		{425CE54A-C887-45C5-94A7-72738F49FE11}.Debug|Any CPU.ActiveCfg = Debug|Win32
		{425CE54A-C887-45C5-94A7-72738F49FE11}.Debug|ARM.ActiveCfg = Debug|ARM
		{425CE54A-C887-45C5-94A7-72738F49FE11}.Debug|ARM.Build.0 = Debug|ARM
		{425CE54A-C887-45C5-94A7-72738F49FE11}.Debug|x64.ActiveCfg = Debug|x64
		{425CE54A-C887-45C5-94A7-72738F49FE11}.Debug|x64.Build.0 = Debug|x64
		{425CE54A-C887-45C5-94A7-72738F49FE11}.Debug|x86.ActiveCfg = Debug|Win32
		{425CE54A-C887-45C5-94A7-72738F49FE11}.Debug|x86.Build.0 = Debug|Win32
		{425CE54A-C887-45C5-94A7-72738F49FE11}.Release|Any CPU.ActiveCfg = Release|Win32
		{425CE54A-C887-45C5-94A7-72738F49FE11}.Release|ARM.ActiveCfg = Release|ARM
		{425CE54A-C887-45C5-94A7-72738F49FE11}.Release|ARM.Build.0 = Release|ARM
		{425CE54A-C887-45C5-94A7-72738F49FE11}.Release|x64.ActiveCfg = Release|x64
		{425CE54A-C887-45C5-94A7-72738F49FE11}.Release|x64.Build.0 = Release|x64
		{425CE54A-C887-45C5-94A7-72738F49FE11}.Release|x86.ActiveCfg = Release|Win32
		{425CE54A-C887-45C5-94A7-72738F49FE11}.Release|x86.Build.0 = Release|Win32
		{7EC87A87-91F9-4C2C-9DEA-8FE75F76F17C}.Debug|Any CPU.ActiveCfg = Debug|Win32
		{7EC87A87-91F9-4C2C-9DEA-8FE75F76F17C}.Debug|ARM.ActiveCfg = Debug|Win32
		{7EC87A87-91F9-4C2C-9DEA-8FE75F76F17C}.Debug|x64.ActiveCfg = Debug|x64
		{7EC87A87-91F9-4C2C-9DEA-8FE75F76F17C}.Debug|x64.Build.0 = Debug|x64
		{7EC87A87-91F9-4C2C-9DEA-8FE75F76F17C}.Debug|x86.ActiveCfg = Debug|Win32
		{7EC87A87-91F9-4C2C-9DEA-8FE75F76F17C}.Debug|x86.Build.0 = Debug|Win32
		{7EC87A87-91F9-4C2C-9DEA-8FE75F76F17C}.Release|Any CPU.ActiveCfg = Release|Win32
		{7EC87A87-91F9-4C2C-9DEA-8FE75F76F17C}.Release|ARM.ActiveCfg = Release|Win32
		{7EC87A87-91F9-4C2C-9DEA-8FE75F76F17C}.Release|x64.ActiveCfg = Release|x64
		{7EC87A87-91F9-4C2C-9DEA-8FE75F76F17C}.Release|x64.Build.0 = Release|x64
		{7EC87A87-91F9-4C2C-9DEA-8FE75F76F17C}.Release|x86.ActiveCfg = Release|Win32
		{7EC87A87-91F9-4C2C-9DEA-8FE75F76F17C}.Release|x86.Build.0 = Release|Win32
		{3ADE8830-9B19-4658-94FF-4407CE3A4EB5}.Debug|Any CPU.ActiveCfg = Debug|x64
		{3ADE8830-9B19-4658-94FF-4407CE3A4EB5}.Debug|Any CPU.Build.0 = Debug|x64
		{3ADE8830-9B19-4658-94FF-4407CE3A4EB5}.Debug|ARM.ActiveCfg = Debug|Any CPU
		{3ADE8830-9B19-4658-94FF-4407CE3A4EB5}.Debug|ARM.Build.0 = Debug|Any CPU
		{3ADE8830-9B19-4658-94FF-4407CE3A4EB5}.Debug|x64.ActiveCfg = Debug|x64
		{3ADE8830-9B19-4658-94FF-4407CE3A4EB5}.Debug|x64.Build.0 = Debug|x64
		{3ADE8830-9B19-4658-94FF-4407CE3A4EB5}.Debug|x86.ActiveCfg = Debug|x86
		{3ADE8830-9B19-4658-94FF-4407CE3A4EB5}.Debug|x86.Build.0 = Debug|x86
		{3ADE8830-9B19-4658-94FF-4407CE3A4EB5}.Release|Any CPU.ActiveCfg = Release|x64
		{3ADE8830-9B19-4658-94FF-4407CE3A4EB5}.Release|Any CPU.Build.0 = Release|x64
		{3ADE8830-9B19-4658-94FF-4407CE3A4EB5}.Release|ARM.ActiveCfg = Release|Any CPU
		{3ADE8830-9B19-4658-94FF-4407CE3A4EB5}.Release|ARM.Build.0 = Release|Any CPU
		{3ADE8830-9B19-4658-94FF-4407CE3A4EB5}.Release|x64.ActiveCfg = Release|x64
		{3ADE8830-9B19-4658-94FF-4407CE3A4EB5}.Release|x64.Build.0 = Release|x64
		{3ADE8830-9B19-4658-94FF-4407CE3A4EB5}.Release|x86.ActiveCfg = Release|x86
		{3ADE8830-9B19-4658-94FF-4407CE3A4EB5}.Release|x86.Build.0 = Release|x86
	EndGlobalSection
	GlobalSection(SolutionProperties) = preSolution
		HideSolutionNode = FALSE
	EndGlobalSection
	GlobalSection(NestedProjects) = preSolution
		{E095A2E7-B953-43AA-8296-03EC57842B8D} = {31D0701B-8FE0-43B1-95CC-052E8A088E78}
		{11258D8F-04E8-486F-8823-77448F8F26D8} = {31D0701B-8FE0-43B1-95CC-052E8A088E78}
		{E0320926-075F-46FC-9CC0-865B635BB1A1} = {F4DF82D4-B1C8-49BB-AC21-245A03494099}
		{8D4B9659-6AB7-4EB0-919A-517FAD43DFE2} = {F4DF82D4-B1C8-49BB-AC21-245A03494099}
		{38FA18AA-D23B-4B38-AB5E-ED7891A6588B} = {F4DF82D4-B1C8-49BB-AC21-245A03494099}
		{C573E45A-CA10-4A97-9AAA-99A301383A68} = {11258D8F-04E8-486F-8823-77448F8F26D8}
		{425CE54A-C887-45C5-94A7-72738F49FE11} = {E095A2E7-B953-43AA-8296-03EC57842B8D}
		{7EC87A87-91F9-4C2C-9DEA-8FE75F76F17C} = {E095A2E7-B953-43AA-8296-03EC57842B8D}
		{3ADE8830-9B19-4658-94FF-4407CE3A4EB5} = {E095A2E7-B953-43AA-8296-03EC57842B8D}
	EndGlobalSection
	GlobalSection(ExtensibilityGlobals) = postSolution
		SolutionGuid = {6DBED965-ECB7-4EC7-87DE-B8E3AD6F3802}
	EndGlobalSection
EndGlobal
